
Microsoft Visual Studio Solution File, Format Version 12.00
# Visual Studio 15
VisualStudioVersion = 15.0.26730.3
MinimumVisualStudioVersion = 10.0.40219.1
Project("{FAE04EC0-301F-11D3-BF4B-00C04F79EFBC}") = "ForeignExchange4.Android", "ForeignExchange4\ForeignExchange4.Android\ForeignExchange4.Android.csproj", "{3A16A0CD-7F6E-4816-9F70-D244035786CA}"
EndProject
Project("{FAE04EC0-301F-11D3-BF4B-00C04F79EFBC}") = "ForeignExchange4", "ForeignExchange4\ForeignExchange4\ForeignExchange4.csproj", "{D4EBFEE5-A8CA-4159-96D8-46DB96828347}"
EndProject
Project("{FAE04EC0-301F-11D3-BF4B-00C04F79EFBC}") = "ForeignExchange4.UWP", "ForeignExchange4\ForeignExchange4.UWP\ForeignExchange4.UWP.csproj", "{B32991E1-BB34-4B89-9ADB-0A6B22AD0FAC}"
EndProject
Project("{FAE04EC0-301F-11D3-BF4B-00C04F79EFBC}") = "ForeignExchange4.iOS", "ForeignExchange4\ForeignExchange4.iOS\ForeignExchange4.iOS.csproj", "{4A8C25C8-0F32-466D-9CFF-85F0B34CAFED}"
EndProject
Global
	GlobalSection(SolutionConfigurationPlatforms) = preSolution
		Ad-Hoc|Any CPU = Ad-Hoc|Any CPU
		Ad-Hoc|ARM = Ad-Hoc|ARM
		Ad-Hoc|iPhone = Ad-Hoc|iPhone
		Ad-Hoc|iPhoneSimulator = Ad-Hoc|iPhoneSimulator
		Ad-Hoc|x64 = Ad-Hoc|x64
		Ad-Hoc|x86 = Ad-Hoc|x86
		AppStore|Any CPU = AppStore|Any CPU
		AppStore|ARM = AppStore|ARM
		AppStore|iPhone = AppStore|iPhone
		AppStore|iPhoneSimulator = AppStore|iPhoneSimulator
		AppStore|x64 = AppStore|x64
		AppStore|x86 = AppStore|x86
		Debug|Any CPU = Debug|Any CPU
		Debug|ARM = Debug|ARM
		Debug|iPhone = Debug|iPhone
		Debug|iPhoneSimulator = Debug|iPhoneSimulator
		Debug|x64 = Debug|x64
		Debug|x86 = Debug|x86
		Release|Any CPU = Release|Any CPU
		Release|ARM = Release|ARM
		Release|iPhone = Release|iPhone
		Release|iPhoneSimulator = Release|iPhoneSimulator
		Release|x64 = Release|x64
		Release|x86 = Release|x86
	EndGlobalSection
	GlobalSection(ProjectConfigurationPlatforms) = postSolution
		{3A16A0CD-7F6E-4816-9F70-D244035786CA}.Ad-Hoc|Any CPU.ActiveCfg = Release|Any CPU
		{3A16A0CD-7F6E-4816-9F70-D244035786CA}.Ad-Hoc|Any CPU.Build.0 = Release|Any CPU
		{3A16A0CD-7F6E-4816-9F70-D244035786CA}.Ad-Hoc|Any CPU.Deploy.0 = Release|Any CPU
		{3A16A0CD-7F6E-4816-9F70-D244035786CA}.Ad-Hoc|ARM.ActiveCfg = Release|Any CPU
		{3A16A0CD-7F6E-4816-9F70-D244035786CA}.Ad-Hoc|ARM.Build.0 = Release|Any CPU
		{3A16A0CD-7F6E-4816-9F70-D244035786CA}.Ad-Hoc|ARM.Deploy.0 = Release|Any CPU
		{3A16A0CD-7F6E-4816-9F70-D244035786CA}.Ad-Hoc|iPhone.ActiveCfg = Release|Any CPU
		{3A16A0CD-7F6E-4816-9F70-D244035786CA}.Ad-Hoc|iPhone.Build.0 = Release|Any CPU
		{3A16A0CD-7F6E-4816-9F70-D244035786CA}.Ad-Hoc|iPhone.Deploy.0 = Release|Any CPU
		{3A16A0CD-7F6E-4816-9F70-D244035786CA}.Ad-Hoc|iPhoneSimulator.ActiveCfg = Release|Any CPU
		{3A16A0CD-7F6E-4816-9F70-D244035786CA}.Ad-Hoc|iPhoneSimulator.Build.0 = Release|Any CPU
		{3A16A0CD-7F6E-4816-9F70-D244035786CA}.Ad-Hoc|iPhoneSimulator.Deploy.0 = Release|Any CPU
		{3A16A0CD-7F6E-4816-9F70-D244035786CA}.Ad-Hoc|x64.ActiveCfg = Release|Any CPU
		{3A16A0CD-7F6E-4816-9F70-D244035786CA}.Ad-Hoc|x64.Build.0 = Release|Any CPU
		{3A16A0CD-7F6E-4816-9F70-D244035786CA}.Ad-Hoc|x64.Deploy.0 = Release|Any CPU
		{3A16A0CD-7F6E-4816-9F70-D244035786CA}.Ad-Hoc|x86.ActiveCfg = Release|Any CPU
		{3A16A0CD-7F6E-4816-9F70-D244035786CA}.Ad-Hoc|x86.Build.0 = Release|Any CPU
		{3A16A0CD-7F6E-4816-9F70-D244035786CA}.Ad-Hoc|x86.Deploy.0 = Release|Any CPU
		{3A16A0CD-7F6E-4816-9F70-D244035786CA}.AppStore|Any CPU.ActiveCfg = Release|Any CPU
		{3A16A0CD-7F6E-4816-9F70-D244035786CA}.AppStore|Any CPU.Build.0 = Release|Any CPU
		{3A16A0CD-7F6E-4816-9F70-D244035786CA}.AppStore|Any CPU.Deploy.0 = Release|Any CPU
		{3A16A0CD-7F6E-4816-9F70-D244035786CA}.AppStore|ARM.ActiveCfg = Release|Any CPU
		{3A16A0CD-7F6E-4816-9F70-D244035786CA}.AppStore|ARM.Build.0 = Release|Any CPU
		{3A16A0CD-7F6E-4816-9F70-D244035786CA}.AppStore|ARM.Deploy.0 = Release|Any CPU
		{3A16A0CD-7F6E-4816-9F70-D244035786CA}.AppStore|iPhone.ActiveCfg = Release|Any CPU
		{3A16A0CD-7F6E-4816-9F70-D244035786CA}.AppStore|iPhone.Build.0 = Release|Any CPU
		{3A16A0CD-7F6E-4816-9F70-D244035786CA}.AppStore|iPhone.Deploy.0 = Release|Any CPU
		{3A16A0CD-7F6E-4816-9F70-D244035786CA}.AppStore|iPhoneSimulator.ActiveCfg = Release|Any CPU
		{3A16A0CD-7F6E-4816-9F70-D244035786CA}.AppStore|iPhoneSimulator.Build.0 = Release|Any CPU
		{3A16A0CD-7F6E-4816-9F70-D244035786CA}.AppStore|iPhoneSimulator.Deploy.0 = Release|Any CPU
		{3A16A0CD-7F6E-4816-9F70-D244035786CA}.AppStore|x64.ActiveCfg = Release|Any CPU
		{3A16A0CD-7F6E-4816-9F70-D244035786CA}.AppStore|x64.Build.0 = Release|Any CPU
		{3A16A0CD-7F6E-4816-9F70-D244035786CA}.AppStore|x64.Deploy.0 = Release|Any CPU
		{3A16A0CD-7F6E-4816-9F70-D244035786CA}.AppStore|x86.ActiveCfg = Release|Any CPU
		{3A16A0CD-7F6E-4816-9F70-D244035786CA}.AppStore|x86.Build.0 = Release|Any CPU
		{3A16A0CD-7F6E-4816-9F70-D244035786CA}.AppStore|x86.Deploy.0 = Release|Any CPU
		{3A16A0CD-7F6E-4816-9F70-D244035786CA}.Debug|Any CPU.ActiveCfg = Debug|Any CPU
		{3A16A0CD-7F6E-4816-9F70-D244035786CA}.Debug|Any CPU.Build.0 = Debug|Any CPU
		{3A16A0CD-7F6E-4816-9F70-D244035786CA}.Debug|Any CPU.Deploy.0 = Debug|Any CPU
		{3A16A0CD-7F6E-4816-9F70-D244035786CA}.Debug|ARM.ActiveCfg = Debug|Any CPU
		{3A16A0CD-7F6E-4816-9F70-D244035786CA}.Debug|ARM.Build.0 = Debug|Any CPU
		{3A16A0CD-7F6E-4816-9F70-D244035786CA}.Debug|ARM.Deploy.0 = Debug|Any CPU
		{3A16A0CD-7F6E-4816-9F70-D244035786CA}.Debug|iPhone.ActiveCfg = Debug|Any CPU
		{3A16A0CD-7F6E-4816-9F70-D244035786CA}.Debug|iPhone.Build.0 = Debug|Any CPU
		{3A16A0CD-7F6E-4816-9F70-D244035786CA}.Debug|iPhone.Deploy.0 = Debug|Any CPU
		{3A16A0CD-7F6E-4816-9F70-D244035786CA}.Debug|iPhoneSimulator.ActiveCfg = Debug|Any CPU
		{3A16A0CD-7F6E-4816-9F70-D244035786CA}.Debug|iPhoneSimulator.Build.0 = Debug|Any CPU
		{3A16A0CD-7F6E-4816-9F70-D244035786CA}.Debug|iPhoneSimulator.Deploy.0 = Debug|Any CPU
		{3A16A0CD-7F6E-4816-9F70-D244035786CA}.Debug|x64.ActiveCfg = Debug|Any CPU
		{3A16A0CD-7F6E-4816-9F70-D244035786CA}.Debug|x64.Build.0 = Debug|Any CPU
		{3A16A0CD-7F6E-4816-9F70-D244035786CA}.Debug|x64.Deploy.0 = Debug|Any CPU
		{3A16A0CD-7F6E-4816-9F70-D244035786CA}.Debug|x86.ActiveCfg = Debug|Any CPU
		{3A16A0CD-7F6E-4816-9F70-D244035786CA}.Debug|x86.Build.0 = Debug|Any CPU
		{3A16A0CD-7F6E-4816-9F70-D244035786CA}.Debug|x86.Deploy.0 = Debug|Any CPU
		{3A16A0CD-7F6E-4816-9F70-D244035786CA}.Release|Any CPU.ActiveCfg = Release|Any CPU
		{3A16A0CD-7F6E-4816-9F70-D244035786CA}.Release|Any CPU.Build.0 = Release|Any CPU
		{3A16A0CD-7F6E-4816-9F70-D244035786CA}.Release|Any CPU.Deploy.0 = Release|Any CPU
		{3A16A0CD-7F6E-4816-9F70-D244035786CA}.Release|ARM.ActiveCfg = Release|Any CPU
		{3A16A0CD-7F6E-4816-9F70-D244035786CA}.Release|ARM.Build.0 = Release|Any CPU
		{3A16A0CD-7F6E-4816-9F70-D244035786CA}.Release|ARM.Deploy.0 = Release|Any CPU
		{3A16A0CD-7F6E-4816-9F70-D244035786CA}.Release|iPhone.ActiveCfg = Release|Any CPU
		{3A16A0CD-7F6E-4816-9F70-D244035786CA}.Release|iPhone.Build.0 = Release|Any CPU
		{3A16A0CD-7F6E-4816-9F70-D244035786CA}.Release|iPhone.Deploy.0 = Release|Any CPU
		{3A16A0CD-7F6E-4816-9F70-D244035786CA}.Release|iPhoneSimulator.ActiveCfg = Release|Any CPU
		{3A16A0CD-7F6E-4816-9F70-D244035786CA}.Release|iPhoneSimulator.Build.0 = Release|Any CPU
		{3A16A0CD-7F6E-4816-9F70-D244035786CA}.Release|iPhoneSimulator.Deploy.0 = Release|Any CPU
		{3A16A0CD-7F6E-4816-9F70-D244035786CA}.Release|x64.ActiveCfg = Release|Any CPU
		{3A16A0CD-7F6E-4816-9F70-D244035786CA}.Release|x64.Build.0 = Release|Any CPU
		{3A16A0CD-7F6E-4816-9F70-D244035786CA}.Release|x64.Deploy.0 = Release|Any CPU
		{3A16A0CD-7F6E-4816-9F70-D244035786CA}.Release|x86.ActiveCfg = Release|Any CPU
		{3A16A0CD-7F6E-4816-9F70-D244035786CA}.Release|x86.Build.0 = Release|Any CPU
		{3A16A0CD-7F6E-4816-9F70-D244035786CA}.Release|x86.Deploy.0 = Release|Any CPU
		{D4EBFEE5-A8CA-4159-96D8-46DB96828347}.Ad-Hoc|Any CPU.ActiveCfg = Release|Any CPU
		{D4EBFEE5-A8CA-4159-96D8-46DB96828347}.Ad-Hoc|Any CPU.Build.0 = Release|Any CPU
		{D4EBFEE5-A8CA-4159-96D8-46DB96828347}.Ad-Hoc|ARM.ActiveCfg = Release|Any CPU
		{D4EBFEE5-A8CA-4159-96D8-46DB96828347}.Ad-Hoc|ARM.Build.0 = Release|Any CPU
		{D4EBFEE5-A8CA-4159-96D8-46DB96828347}.Ad-Hoc|iPhone.ActiveCfg = Release|Any CPU
		{D4EBFEE5-A8CA-4159-96D8-46DB96828347}.Ad-Hoc|iPhone.Build.0 = Release|Any CPU
		{D4EBFEE5-A8CA-4159-96D8-46DB96828347}.Ad-Hoc|iPhoneSimulator.ActiveCfg = Release|Any CPU
		{D4EBFEE5-A8CA-4159-96D8-46DB96828347}.Ad-Hoc|iPhoneSimulator.Build.0 = Release|Any CPU
		{D4EBFEE5-A8CA-4159-96D8-46DB96828347}.Ad-Hoc|x64.ActiveCfg = Release|Any CPU
		{D4EBFEE5-A8CA-4159-96D8-46DB96828347}.Ad-Hoc|x64.Build.0 = Release|Any CPU
		{D4EBFEE5-A8CA-4159-96D8-46DB96828347}.Ad-Hoc|x86.ActiveCfg = Release|Any CPU
		{D4EBFEE5-A8CA-4159-96D8-46DB96828347}.Ad-Hoc|x86.Build.0 = Release|Any CPU
		{D4EBFEE5-A8CA-4159-96D8-46DB96828347}.AppStore|Any CPU.ActiveCfg = Release|Any CPU
		{D4EBFEE5-A8CA-4159-96D8-46DB96828347}.AppStore|Any CPU.Build.0 = Release|Any CPU
		{D4EBFEE5-A8CA-4159-96D8-46DB96828347}.AppStore|ARM.ActiveCfg = Release|Any CPU
		{D4EBFEE5-A8CA-4159-96D8-46DB96828347}.AppStore|ARM.Build.0 = Release|Any CPU
		{D4EBFEE5-A8CA-4159-96D8-46DB96828347}.AppStore|iPhone.ActiveCfg = Release|Any CPU
		{D4EBFEE5-A8CA-4159-96D8-46DB96828347}.AppStore|iPhone.Build.0 = Release|Any CPU
		{D4EBFEE5-A8CA-4159-96D8-46DB96828347}.AppStore|iPhoneSimulator.ActiveCfg = Release|Any CPU
		{D4EBFEE5-A8CA-4159-96D8-46DB96828347}.AppStore|iPhoneSimulator.Build.0 = Release|Any CPU
		{D4EBFEE5-A8CA-4159-96D8-46DB96828347}.AppStore|x64.ActiveCfg = Release|Any CPU
		{D4EBFEE5-A8CA-4159-96D8-46DB96828347}.AppStore|x64.Build.0 = Release|Any CPU
		{D4EBFEE5-A8CA-4159-96D8-46DB96828347}.AppStore|x86.ActiveCfg = Release|Any CPU
		{D4EBFEE5-A8CA-4159-96D8-46DB96828347}.AppStore|x86.Build.0 = Release|Any CPU
		{D4EBFEE5-A8CA-4159-96D8-46DB96828347}.Debug|Any CPU.ActiveCfg = Debug|Any CPU
		{D4EBFEE5-A8CA-4159-96D8-46DB96828347}.Debug|Any CPU.Build.0 = Debug|Any CPU
		{D4EBFEE5-A8CA-4159-96D8-46DB96828347}.Debug|ARM.ActiveCfg = Debug|Any CPU
		{D4EBFEE5-A8CA-4159-96D8-46DB96828347}.Debug|ARM.Build.0 = Debug|Any CPU
		{D4EBFEE5-A8CA-4159-96D8-46DB96828347}.Debug|iPhone.ActiveCfg = Debug|Any CPU
		{D4EBFEE5-A8CA-4159-96D8-46DB96828347}.Debug|iPhone.Build.0 = Debug|Any CPU
		{D4EBFEE5-A8CA-4159-96D8-46DB96828347}.Debug|iPhoneSimulator.ActiveCfg = Debug|Any CPU
		{D4EBFEE5-A8CA-4159-96D8-46DB96828347}.Debug|iPhoneSimulator.Build.0 = Debug|Any CPU
		{D4EBFEE5-A8CA-4159-96D8-46DB96828347}.Debug|x64.ActiveCfg = Debug|Any CPU
		{D4EBFEE5-A8CA-4159-96D8-46DB96828347}.Debug|x64.Build.0 = Debug|Any CPU
		{D4EBFEE5-A8CA-4159-96D8-46DB96828347}.Debug|x86.ActiveCfg = Debug|Any CPU
		{D4EBFEE5-A8CA-4159-96D8-46DB96828347}.Debug|x86.Build.0 = Debug|Any CPU
		{D4EBFEE5-A8CA-4159-96D8-46DB96828347}.Release|Any CPU.ActiveCfg = Release|Any CPU
		{D4EBFEE5-A8CA-4159-96D8-46DB96828347}.Release|Any CPU.Build.0 = Release|Any CPU
		{D4EBFEE5-A8CA-4159-96D8-46DB96828347}.Release|ARM.ActiveCfg = Release|Any CPU
		{D4EBFEE5-A8CA-4159-96D8-46DB96828347}.Release|ARM.Build.0 = Release|Any CPU
		{D4EBFEE5-A8CA-4159-96D8-46DB96828347}.Release|iPhone.ActiveCfg = Release|Any CPU
		{D4EBFEE5-A8CA-4159-96D8-46DB96828347}.Release|iPhone.Build.0 = Release|Any CPU
		{D4EBFEE5-A8CA-4159-96D8-46DB96828347}.Release|iPhoneSimulator.ActiveCfg = Release|Any CPU
		{D4EBFEE5-A8CA-4159-96D8-46DB96828347}.Release|iPhoneSimulator.Build.0 = Release|Any CPU
		{D4EBFEE5-A8CA-4159-96D8-46DB96828347}.Release|x64.ActiveCfg = Release|Any CPU
		{D4EBFEE5-A8CA-4159-96D8-46DB96828347}.Release|x64.Build.0 = Release|Any CPU
		{D4EBFEE5-A8CA-4159-96D8-46DB96828347}.Release|x86.ActiveCfg = Release|Any CPU
		{D4EBFEE5-A8CA-4159-96D8-46DB96828347}.Release|x86.Build.0 = Release|Any CPU
		{B32991E1-BB34-4B89-9ADB-0A6B22AD0FAC}.Ad-Hoc|Any CPU.ActiveCfg = Release|x86
		{B32991E1-BB34-4B89-9ADB-0A6B22AD0FAC}.Ad-Hoc|Any CPU.Build.0 = Release|x86
		{B32991E1-BB34-4B89-9ADB-0A6B22AD0FAC}.Ad-Hoc|Any CPU.Deploy.0 = Release|x86
		{B32991E1-BB34-4B89-9ADB-0A6B22AD0FAC}.Ad-Hoc|ARM.ActiveCfg = Release|ARM
		{B32991E1-BB34-4B89-9ADB-0A6B22AD0FAC}.Ad-Hoc|ARM.Build.0 = Release|ARM
		{B32991E1-BB34-4B89-9ADB-0A6B22AD0FAC}.Ad-Hoc|ARM.Deploy.0 = Release|ARM
		{B32991E1-BB34-4B89-9ADB-0A6B22AD0FAC}.Ad-Hoc|iPhone.ActiveCfg = Release|x86
		{B32991E1-BB34-4B89-9ADB-0A6B22AD0FAC}.Ad-Hoc|iPhone.Build.0 = Release|x86
		{B32991E1-BB34-4B89-9ADB-0A6B22AD0FAC}.Ad-Hoc|iPhone.Deploy.0 = Release|x86
		{B32991E1-BB34-4B89-9ADB-0A6B22AD0FAC}.Ad-Hoc|iPhoneSimulator.ActiveCfg = Release|x86
		{B32991E1-BB34-4B89-9ADB-0A6B22AD0FAC}.Ad-Hoc|iPhoneSimulator.Build.0 = Release|x86
		{B32991E1-BB34-4B89-9ADB-0A6B22AD0FAC}.Ad-Hoc|iPhoneSimulator.Deploy.0 = Release|x86
		{B32991E1-BB34-4B89-9ADB-0A6B22AD0FAC}.Ad-Hoc|x64.ActiveCfg = Release|x64
		{B32991E1-BB34-4B89-9ADB-0A6B22AD0FAC}.Ad-Hoc|x64.Build.0 = Release|x64
		{B32991E1-BB34-4B89-9ADB-0A6B22AD0FAC}.Ad-Hoc|x64.Deploy.0 = Release|x64
		{B32991E1-BB34-4B89-9ADB-0A6B22AD0FAC}.Ad-Hoc|x86.ActiveCfg = Release|x86
		{B32991E1-BB34-4B89-9ADB-0A6B22AD0FAC}.Ad-Hoc|x86.Build.0 = Release|x86
		{B32991E1-BB34-4B89-9ADB-0A6B22AD0FAC}.Ad-Hoc|x86.Deploy.0 = Release|x86
		{B32991E1-BB34-4B89-9ADB-0A6B22AD0FAC}.AppStore|Any CPU.ActiveCfg = Release|x86
		{B32991E1-BB34-4B89-9ADB-0A6B22AD0FAC}.AppStore|Any CPU.Build.0 = Release|x86
		{B32991E1-BB34-4B89-9ADB-0A6B22AD0FAC}.AppStore|Any CPU.Deploy.0 = Release|x86
		{B32991E1-BB34-4B89-9ADB-0A6B22AD0FAC}.AppStore|ARM.ActiveCfg = Release|ARM
		{B32991E1-BB34-4B89-9ADB-0A6B22AD0FAC}.AppStore|ARM.Build.0 = Release|ARM
		{B32991E1-BB34-4B89-9ADB-0A6B22AD0FAC}.AppStore|ARM.Deploy.0 = Release|ARM
		{B32991E1-BB34-4B89-9ADB-0A6B22AD0FAC}.AppStore|iPhone.ActiveCfg = Release|x86
		{B32991E1-BB34-4B89-9ADB-0A6B22AD0FAC}.AppStore|iPhone.Build.0 = Release|x86
		{B32991E1-BB34-4B89-9ADB-0A6B22AD0FAC}.AppStore|iPhone.Deploy.0 = Release|x86
		{B32991E1-BB34-4B89-9ADB-0A6B22AD0FAC}.AppStore|iPhoneSimulator.ActiveCfg = Release|x86
		{B32991E1-BB34-4B89-9ADB-0A6B22AD0FAC}.AppStore|iPhoneSimulator.Build.0 = Release|x86
		{B32991E1-BB34-4B89-9ADB-0A6B22AD0FAC}.AppStore|iPhoneSimulator.Deploy.0 = Release|x86
		{B32991E1-BB34-4B89-9ADB-0A6B22AD0FAC}.AppStore|x64.ActiveCfg = Release|x64
		{B32991E1-BB34-4B89-9ADB-0A6B22AD0FAC}.AppStore|x64.Build.0 = Release|x64
		{B32991E1-BB34-4B89-9ADB-0A6B22AD0FAC}.AppStore|x64.Deploy.0 = Release|x64
		{B32991E1-BB34-4B89-9ADB-0A6B22AD0FAC}.AppStore|x86.ActiveCfg = Release|x86
		{B32991E1-BB34-4B89-9ADB-0A6B22AD0FAC}.AppStore|x86.Build.0 = Release|x86
		{B32991E1-BB34-4B89-9ADB-0A6B22AD0FAC}.AppStore|x86.Deploy.0 = Release|x86
		{B32991E1-BB34-4B89-9ADB-0A6B22AD0FAC}.Debug|Any CPU.ActiveCfg = Debug|x86
		{B32991E1-BB34-4B89-9ADB-0A6B22AD0FAC}.Debug|Any CPU.Build.0 = Debug|x86
		{B32991E1-BB34-4B89-9ADB-0A6B22AD0FAC}.Debug|Any CPU.Deploy.0 = Debug|x86
		{B32991E1-BB34-4B89-9ADB-0A6B22AD0FAC}.Debug|ARM.ActiveCfg = Debug|ARM
		{B32991E1-BB34-4B89-9ADB-0A6B22AD0FAC}.Debug|ARM.Build.0 = Debug|ARM
		{B32991E1-BB34-4B89-9ADB-0A6B22AD0FAC}.Debug|ARM.Deploy.0 = Debug|ARM
		{B32991E1-BB34-4B89-9ADB-0A6B22AD0FAC}.Debug|iPhone.ActiveCfg = Debug|x86
		{B32991E1-BB34-4B89-9ADB-0A6B22AD0FAC}.Debug|iPhoneSimulator.ActiveCfg = Debug|x86
		{B32991E1-BB34-4B89-9ADB-0A6B22AD0FAC}.Debug|x64.ActiveCfg = Debug|x64
		{B32991E1-BB34-4B89-9ADB-0A6B22AD0FAC}.Debug|x64.Build.0 = Debug|x64
		{B32991E1-BB34-4B89-9ADB-0A6B22AD0FAC}.Debug|x64.Deploy.0 = Debug|x64
		{B32991E1-BB34-4B89-9ADB-0A6B22AD0FAC}.Debug|x86.ActiveCfg = Debug|x86
		{B32991E1-BB34-4B89-9ADB-0A6B22AD0FAC}.Debug|x86.Build.0 = Debug|x86
		{B32991E1-BB34-4B89-9ADB-0A6B22AD0FAC}.Debug|x86.Deploy.0 = Debug|x86
		{B32991E1-BB34-4B89-9ADB-0A6B22AD0FAC}.Release|Any CPU.ActiveCfg = Release|x86
		{B32991E1-BB34-4B89-9ADB-0A6B22AD0FAC}.Release|ARM.ActiveCfg = Release|ARM
		{B32991E1-BB34-4B89-9ADB-0A6B22AD0FAC}.Release|ARM.Build.0 = Release|ARM
		{B32991E1-BB34-4B89-9ADB-0A6B22AD0FAC}.Release|ARM.Deploy.0 = Release|ARM
		{B32991E1-BB34-4B89-9ADB-0A6B22AD0FAC}.Release|iPhone.ActiveCfg = Release|x86
		{B32991E1-BB34-4B89-9ADB-0A6B22AD0FAC}.Release|iPhoneSimulator.ActiveCfg = Release|x86
		{B32991E1-BB34-4B89-9ADB-0A6B22AD0FAC}.Release|x64.ActiveCfg = Release|x64
		{B32991E1-BB34-4B89-9ADB-0A6B22AD0FAC}.Release|x64.Build.0 = Release|x64
		{B32991E1-BB34-4B89-9ADB-0A6B22AD0FAC}.Release|x64.Deploy.0 = Release|x64
		{B32991E1-BB34-4B89-9ADB-0A6B22AD0FAC}.Release|x86.ActiveCfg = Release|x86
		{B32991E1-BB34-4B89-9ADB-0A6B22AD0FAC}.Release|x86.Build.0 = Release|x86
		{B32991E1-BB34-4B89-9ADB-0A6B22AD0FAC}.Release|x86.Deploy.0 = Release|x86
		{4A8C25C8-0F32-466D-9CFF-85F0B34CAFED}.Ad-Hoc|Any CPU.ActiveCfg = Ad-Hoc|iPhone
		{4A8C25C8-0F32-466D-9CFF-85F0B34CAFED}.Ad-Hoc|ARM.ActiveCfg = Ad-Hoc|iPhone
		{4A8C25C8-0F32-466D-9CFF-85F0B34CAFED}.Ad-Hoc|iPhone.ActiveCfg = Ad-Hoc|iPhone
		{4A8C25C8-0F32-466D-9CFF-85F0B34CAFED}.Ad-Hoc|iPhone.Build.0 = Ad-Hoc|iPhone
		{4A8C25C8-0F32-466D-9CFF-85F0B34CAFED}.Ad-Hoc|iPhoneSimulator.ActiveCfg = Ad-Hoc|iPhoneSimulator
		{4A8C25C8-0F32-466D-9CFF-85F0B34CAFED}.Ad-Hoc|iPhoneSimulator.Build.0 = Ad-Hoc|iPhoneSimulator
		{4A8C25C8-0F32-466D-9CFF-85F0B34CAFED}.Ad-Hoc|x64.ActiveCfg = Ad-Hoc|iPhone
		{4A8C25C8-0F32-466D-9CFF-85F0B34CAFED}.Ad-Hoc|x86.ActiveCfg = Ad-Hoc|iPhone
		{4A8C25C8-0F32-466D-9CFF-85F0B34CAFED}.AppStore|Any CPU.ActiveCfg = AppStore|iPhone
		{4A8C25C8-0F32-466D-9CFF-85F0B34CAFED}.AppStore|ARM.ActiveCfg = AppStore|iPhone
		{4A8C25C8-0F32-466D-9CFF-85F0B34CAFED}.AppStore|iPhone.ActiveCfg = AppStore|iPhone
		{4A8C25C8-0F32-466D-9CFF-85F0B34CAFED}.AppStore|iPhone.Build.0 = AppStore|iPhone
		{4A8C25C8-0F32-466D-9CFF-85F0B34CAFED}.AppStore|iPhoneSimulator.ActiveCfg = AppStore|iPhoneSimulator
		{4A8C25C8-0F32-466D-9CFF-85F0B34CAFED}.AppStore|iPhoneSimulator.Build.0 = AppStore|iPhoneSimulator
		{4A8C25C8-0F32-466D-9CFF-85F0B34CAFED}.AppStore|x64.ActiveCfg = AppStore|iPhone
		{4A8C25C8-0F32-466D-9CFF-85F0B34CAFED}.AppStore|x86.ActiveCfg = AppStore|iPhone
		{4A8C25C8-0F32-466D-9CFF-85F0B34CAFED}.Debug|Any CPU.ActiveCfg = Debug|iPhone
		{4A8C25C8-0F32-466D-9CFF-85F0B34CAFED}.Debug|ARM.ActiveCfg = Debug|iPhone
		{4A8C25C8-0F32-466D-9CFF-85F0B34CAFED}.Debug|iPhone.ActiveCfg = Debug|iPhone
		{4A8C25C8-0F32-466D-9CFF-85F0B34CAFED}.Debug|iPhone.Build.0 = Debug|iPhone
		{4A8C25C8-0F32-466D-9CFF-85F0B34CAFED}.Debug|iPhoneSimulator.ActiveCfg = Debug|iPhoneSimulator
		{4A8C25C8-0F32-466D-9CFF-85F0B34CAFED}.Debug|iPhoneSimulator.Build.0 = Debug|iPhoneSimulator
		{4A8C25C8-0F32-466D-9CFF-85F0B34CAFED}.Debug|x64.ActiveCfg = Debug|iPhone
		{4A8C25C8-0F32-466D-9CFF-85F0B34CAFED}.Debug|x86.ActiveCfg = Debug|iPhone
		{4A8C25C8-0F32-466D-9CFF-85F0B34CAFED}.Release|Any CPU.ActiveCfg = Release|iPhone
		{4A8C25C8-0F32-466D-9CFF-85F0B34CAFED}.Release|ARM.ActiveCfg = Release|iPhone
		{4A8C25C8-0F32-466D-9CFF-85F0B34CAFED}.Release|iPhone.ActiveCfg = Release|iPhone
		{4A8C25C8-0F32-466D-9CFF-85F0B34CAFED}.Release|iPhone.Build.0 = Release|iPhone
		{4A8C25C8-0F32-466D-9CFF-85F0B34CAFED}.Release|iPhoneSimulator.ActiveCfg = Release|iPhoneSimulator
		{4A8C25C8-0F32-466D-9CFF-85F0B34CAFED}.Release|iPhoneSimulator.Build.0 = Release|iPhoneSimulator
		{4A8C25C8-0F32-466D-9CFF-85F0B34CAFED}.Release|x64.ActiveCfg = Release|iPhone
		{4A8C25C8-0F32-466D-9CFF-85F0B34CAFED}.Release|x86.ActiveCfg = Release|iPhone
	EndGlobalSection
	GlobalSection(SolutionProperties) = preSolution
		HideSolutionNode = FALSE
	EndGlobalSection
	GlobalSection(ExtensibilityGlobals) = postSolution
		SolutionGuid = {8B46D529-0A05-4CEE-8D3C-BC2B3779F0EA}
	EndGlobalSection
EndGlobal
